// !$*UTF8*$!
{
	archiveVersion = 1;
	classes = {
	};
	objectVersion = 50;
	objects = {

/* Begin PBXBuildFile section */
		D033C2B32549B37700622D05 /* KeyListner.swift in Sources */ = {isa = PBXBuildFile; fileRef = D033C2B22549B37700622D05 /* KeyListner.swift */; };
		D04490972547114F001625C6 /* KeyCodes.swift in Sources */ = {isa = PBXBuildFile; fileRef = D04490962547114F001625C6 /* KeyCodes.swift */; };
		D044909B25471470001625C6 /* KeyBindingController.swift in Sources */ = {isa = PBXBuildFile; fileRef = D044909A25471470001625C6 /* KeyBindingController.swift */; };
		D07A1EA12540D01600F45B05 /* AppDelegate.swift in Sources */ = {isa = PBXBuildFile; fileRef = D07A1EA02540D01600F45B05 /* AppDelegate.swift */; };
		D07A1EA32540D01600F45B05 /* Assets.xcassets in Resources */ = {isa = PBXBuildFile; fileRef = D07A1EA22540D01600F45B05 /* Assets.xcassets */; };
		D07A1EA62540D01600F45B05 /* MainMenu.xib in Resources */ = {isa = PBXBuildFile; fileRef = D07A1EA42540D01600F45B05 /* MainMenu.xib */; };
		D0ACE7C12544B8E900EE2019 /* PreferencesView.swift in Sources */ = {isa = PBXBuildFile; fileRef = D0ACE7C02544B8E900EE2019 /* PreferencesView.swift */; };
/* End PBXBuildFile section */

/* Begin PBXFileReference section */
		D033C2B22549B37700622D05 /* KeyListner.swift */ = {isa = PBXFileReference; lastKnownFileType = sourcecode.swift; path = KeyListner.swift; sourceTree = "<group>"; };
		D04490962547114F001625C6 /* KeyCodes.swift */ = {isa = PBXFileReference; lastKnownFileType = sourcecode.swift; path = KeyCodes.swift; sourceTree = "<group>"; };
		D044909A25471470001625C6 /* KeyBindingController.swift */ = {isa = PBXFileReference; lastKnownFileType = sourcecode.swift; path = KeyBindingController.swift; sourceTree = "<group>"; };
		D07A1E9D2540D01500F45B05 /* Key Bound.app */ = {isa = PBXFileReference; explicitFileType = wrapper.application; includeInIndex = 0; path = "Key Bound.app"; sourceTree = BUILT_PRODUCTS_DIR; };
		D07A1EA02540D01600F45B05 /* AppDelegate.swift */ = {isa = PBXFileReference; lastKnownFileType = sourcecode.swift; path = AppDelegate.swift; sourceTree = "<group>"; };
		D07A1EA22540D01600F45B05 /* Assets.xcassets */ = {isa = PBXFileReference; lastKnownFileType = folder.assetcatalog; path = Assets.xcassets; sourceTree = "<group>"; };
		D07A1EA52540D01600F45B05 /* Base */ = {isa = PBXFileReference; lastKnownFileType = file.xib; name = Base; path = Base.lproj/MainMenu.xib; sourceTree = "<group>"; };
		D07A1EA72540D01600F45B05 /* Info.plist */ = {isa = PBXFileReference; lastKnownFileType = text.plist.xml; path = Info.plist; sourceTree = "<group>"; };
		D07A1EA82540D01600F45B05 /* Key_Bound.entitlements */ = {isa = PBXFileReference; lastKnownFileType = text.plist.entitlements; path = Key_Bound.entitlements; sourceTree = "<group>"; };
		D0ACE7C02544B8E900EE2019 /* PreferencesView.swift */ = {isa = PBXFileReference; lastKnownFileType = sourcecode.swift; path = PreferencesView.swift; sourceTree = "<group>"; };
/* End PBXFileReference section */

/* Begin PBXFrameworksBuildPhase section */
		D07A1E9A2540D01500F45B05 /* Frameworks */ = {
			isa = PBXFrameworksBuildPhase;
			buildActionMask = 2147483647;
			files = (
			);
			runOnlyForDeploymentPostprocessing = 0;
		};
/* End PBXFrameworksBuildPhase section */

/* Begin PBXGroup section */
		D044909525471140001625C6 /* Key Listner */ = {
			isa = PBXGroup;
			children = (
				D04490962547114F001625C6 /* KeyCodes.swift */,
				D044909A25471470001625C6 /* KeyBindingController.swift */,
				D033C2B22549B37700622D05 /* KeyListner.swift */,
			);
			path = "Key Listner";
			sourceTree = "<group>";
		};
		D07A1E942540D01500F45B05 = {
			isa = PBXGroup;
			children = (
				D07A1E9F2540D01500F45B05 /* Key Bound */,
				D07A1E9E2540D01500F45B05 /* Products */,
			);
			sourceTree = "<group>";
		};
		D07A1E9E2540D01500F45B05 /* Products */ = {
			isa = PBXGroup;
			children = (
				D07A1E9D2540D01500F45B05 /* Key Bound.app */,
			);
			name = Products;
			sourceTree = "<group>";
		};
		D07A1E9F2540D01500F45B05 /* Key Bound */ = {
			isa = PBXGroup;
			children = (
				D044909525471140001625C6 /* Key Listner */,
				D0ACE7BF2544B8AE00EE2019 /* Views */,
				D07A1EA02540D01600F45B05 /* AppDelegate.swift */,
				D07A1EA22540D01600F45B05 /* Assets.xcassets */,
				D07A1EA42540D01600F45B05 /* MainMenu.xib */,
				D07A1EA72540D01600F45B05 /* Info.plist */,
				D07A1EA82540D01600F45B05 /* Key_Bound.entitlements */,
			);
			path = "Key Bound";
			sourceTree = "<group>";
		};
		D0ACE7BF2544B8AE00EE2019 /* Views */ = {
			isa = PBXGroup;
			children = (
				D0ACE7C02544B8E900EE2019 /* PreferencesView.swift */,
			);
			path = Views;
			sourceTree = "<group>";
		};
/* End PBXGroup section */

/* Begin PBXNativeTarget section */
		D07A1E9C2540D01500F45B05 /* Key Bound */ = {
			isa = PBXNativeTarget;
			buildConfigurationList = D07A1EAB2540D01600F45B05 /* Build configuration list for PBXNativeTarget "Key Bound" */;
			buildPhases = (
				D07A1E992540D01500F45B05 /* Sources */,
				D07A1E9A2540D01500F45B05 /* Frameworks */,
				D07A1E9B2540D01500F45B05 /* Resources */,
			);
			buildRules = (
			);
			dependencies = (
			);
			name = "Key Bound";
			productName = "Key Bound";
			productReference = D07A1E9D2540D01500F45B05 /* Key Bound.app */;
			productType = "com.apple.product-type.application";
		};
/* End PBXNativeTarget section */

/* Begin PBXProject section */
		D07A1E952540D01500F45B05 /* Project object */ = {
			isa = PBXProject;
			attributes = {
				LastSwiftUpdateCheck = 1210;
				LastUpgradeCheck = 1210;
				TargetAttributes = {
					D07A1E9C2540D01500F45B05 = {
						CreatedOnToolsVersion = 12.1;
					};
				};
			};
			buildConfigurationList = D07A1E982540D01500F45B05 /* Build configuration list for PBXProject "Key Bound" */;
			compatibilityVersion = "Xcode 9.3";
			developmentRegion = en;
			hasScannedForEncodings = 0;
			knownRegions = (
				en,
				Base,
			);
			mainGroup = D07A1E942540D01500F45B05;
			productRefGroup = D07A1E9E2540D01500F45B05 /* Products */;
			projectDirPath = "";
			projectRoot = "";
			targets = (
				D07A1E9C2540D01500F45B05 /* Key Bound */,
			);
		};
/* End PBXProject section */

/* Begin PBXResourcesBuildPhase section */
		D07A1E9B2540D01500F45B05 /* Resources */ = {
			isa = PBXResourcesBuildPhase;
			buildActionMask = 2147483647;
			files = (
				D07A1EA32540D01600F45B05 /* Assets.xcassets in Resources */,
				D07A1EA62540D01600F45B05 /* MainMenu.xib in Resources */,
			);
			runOnlyForDeploymentPostprocessing = 0;
		};
/* End PBXResourcesBuildPhase section */

/* Begin PBXSourcesBuildPhase section */
		D07A1E992540D01500F45B05 /* Sources */ = {
			isa = PBXSourcesBuildPhase;
			buildActionMask = 2147483647;
			files = (
				D04490972547114F001625C6 /* KeyCodes.swift in Sources */,
				D033C2B32549B37700622D05 /* KeyListner.swift in Sources */,
				D0ACE7C12544B8E900EE2019 /* PreferencesView.swift in Sources */,
				D044909B25471470001625C6 /* KeyBindingController.swift in Sources */,
				D07A1EA12540D01600F45B05 /* AppDelegate.swift in Sources */,
			);
			runOnlyForDeploymentPostprocessing = 0;
		};
/* End PBXSourcesBuildPhase section */

/* Begin PBXVariantGroup section */
		D07A1EA42540D01600F45B05 /* MainMenu.xib */ = {
			isa = PBXVariantGroup;
			children = (
				D07A1EA52540D01600F45B05 /* Base */,
			);
			name = MainMenu.xib;
			sourceTree = "<group>";
		};
/* End PBXVariantGroup section */

/* Begin XCBuildConfiguration section */
		D07A1EA92540D01600F45B05 /* Debug */ = {
			isa = XCBuildConfiguration;
			buildSettings = {
				ALWAYS_SEARCH_USER_PATHS = NO;
				CLANG_ANALYZER_NONNULL = YES;
				CLANG_ANALYZER_NUMBER_OBJECT_CONVERSION = YES_AGGRESSIVE;
				CLANG_CXX_LANGUAGE_STANDARD = "gnu++14";
				CLANG_CXX_LIBRARY = "libc++";
				CLANG_ENABLE_MODULES = YES;
				CLANG_ENABLE_OBJC_ARC = YES;
				CLANG_ENABLE_OBJC_WEAK = YES;
				CLANG_WARN_BLOCK_CAPTURE_AUTORELEASING = YES;
				CLANG_WARN_BOOL_CONVERSION = YES;
				CLANG_WARN_COMMA = YES;
				CLANG_WARN_CONSTANT_CONVERSION = YES;
				CLANG_WARN_DEPRECATED_OBJC_IMPLEMENTATIONS = YES;
				CLANG_WARN_DIRECT_OBJC_ISA_USAGE = YES_ERROR;
				CLANG_WARN_DOCUMENTATION_COMMENTS = YES;
				CLANG_WARN_EMPTY_BODY = YES;
				CLANG_WARN_ENUM_CONVERSION = YES;
				CLANG_WARN_INFINITE_RECURSION = YES;
				CLANG_WARN_INT_CONVERSION = YES;
				CLANG_WARN_NON_LITERAL_NULL_CONVERSION = YES;
				CLANG_WARN_OBJC_IMPLICIT_RETAIN_SELF = YES;
				CLANG_WARN_OBJC_LITERAL_CONVERSION = YES;
				CLANG_WARN_OBJC_ROOT_CLASS = YES_ERROR;
				CLANG_WARN_QUOTED_INCLUDE_IN_FRAMEWORK_HEADER = YES;
				CLANG_WARN_RANGE_LOOP_ANALYSIS = YES;
				CLANG_WARN_STRICT_PROTOTYPES = YES;
				CLANG_WARN_SUSPICIOUS_MOVE = YES;
				CLANG_WARN_UNGUARDED_AVAILABILITY = YES_AGGRESSIVE;
				CLANG_WARN_UNREACHABLE_CODE = YES;
				CLANG_WARN__DUPLICATE_METHOD_MATCH = YES;
				COPY_PHASE_STRIP = NO;
				DEBUG_INFORMATION_FORMAT = dwarf;
				ENABLE_STRICT_OBJC_MSGSEND = YES;
				ENABLE_TESTABILITY = YES;
				GCC_C_LANGUAGE_STANDARD = gnu11;
				GCC_DYNAMIC_NO_PIC = NO;
				GCC_NO_COMMON_BLOCKS = YES;
				GCC_OPTIMIZATION_LEVEL = 0;
				GCC_PREPROCESSOR_DEFINITIONS = (
					"DEBUG=1",
					"$(inherited)",
				);
				GCC_WARN_64_TO_32_BIT_CONVERSION = YES;
				GCC_WARN_ABOUT_RETURN_TYPE = YES_ERROR;
				GCC_WARN_UNDECLARED_SELECTOR = YES;
				GCC_WARN_UNINITIALIZED_AUTOS = YES_AGGRESSIVE;
				GCC_WARN_UNUSED_FUNCTION = YES;
				GCC_WARN_UNUSED_VARIABLE = YES;
				MACOSX_DEPLOYMENT_TARGET = 10.15;
				MTL_ENABLE_DEBUG_INFO = INCLUDE_SOURCE;
				MTL_FAST_MATH = YES;
				ONLY_ACTIVE_ARCH = YES;
				SDKROOT = macosx;
				SWIFT_ACTIVE_COMPILATION_CONDITIONS = DEBUG;
				SWIFT_OPTIMIZATION_LEVEL = "-Onone";
			};
			name = Debug;
		};
		D07A1EAA2540D01600F45B05 /* Release */ = {
			isa = XCBuildConfiguration;
			buildSettings = {
				ALWAYS_SEARCH_USER_PATHS = NO;
				CLANG_ANALYZER_NONNULL = YES;
				CLANG_ANALYZER_NUMBER_OBJECT_CONVERSION = YES_AGGRESSIVE;
				CLANG_CXX_LANGUAGE_STANDARD = "gnu++14";
				CLANG_CXX_LIBRARY = "libc++";
				CLANG_ENABLE_MODULES = YES;
				CLANG_ENABLE_OBJC_ARC = YES;
				CLANG_ENABLE_OBJC_WEAK = YES;
				CLANG_WARN_BLOCK_CAPTURE_AUTORELEASING = YES;
				CLANG_WARN_BOOL_CONVERSION = YES;
				CLANG_WARN_COMMA = YES;
				CLANG_WARN_CONSTANT_CONVERSION = YES;
				CLANG_WARN_DEPRECATED_OBJC_IMPLEMENTATIONS = YES;
				CLANG_WARN_DIRECT_OBJC_ISA_USAGE = YES_ERROR;
				CLANG_WARN_DOCUMENTATION_COMMENTS = YES;
				CLANG_WARN_EMPTY_BODY = YES;
				CLANG_WARN_ENUM_CONVERSION = YES;
				CLANG_WARN_INFINITE_RECURSION = YES;
				CLANG_WARN_INT_CONVERSION = YES;
				CLANG_WARN_NON_LITERAL_NULL_CONVERSION = YES;
				CLANG_WARN_OBJC_IMPLICIT_RETAIN_SELF = YES;
				CLANG_WARN_OBJC_LITERAL_CONVERSION = YES;
				CLANG_WARN_OBJC_ROOT_CLASS = YES_ERROR;
				CLANG_WARN_QUOTED_INCLUDE_IN_FRAMEWORK_HEADER = YES;
				CLANG_WARN_RANGE_LOOP_ANALYSIS = YES;
				CLANG_WARN_STRICT_PROTOTYPES = YES;
				CLANG_WARN_SUSPICIOUS_MOVE = YES;
				CLANG_WARN_UNGUARDED_AVAILABILITY = YES_AGGRESSIVE;
				CLANG_WARN_UNREACHABLE_CODE = YES;
				CLANG_WARN__DUPLICATE_METHOD_MATCH = YES;
				COPY_PHASE_STRIP = NO;
				DEBUG_INFORMATION_FORMAT = "dwarf-with-dsym";
				ENABLE_NS_ASSERTIONS = NO;
				ENABLE_STRICT_OBJC_MSGSEND = YES;
				GCC_C_LANGUAGE_STANDARD = gnu11;
				GCC_NO_COMMON_BLOCKS = YES;
				GCC_WARN_64_TO_32_BIT_CONVERSION = YES;
				GCC_WARN_ABOUT_RETURN_TYPE = YES_ERROR;
				GCC_WARN_UNDECLARED_SELECTOR = YES;
				GCC_WARN_UNINITIALIZED_AUTOS = YES_AGGRESSIVE;
				GCC_WARN_UNUSED_FUNCTION = YES;
				GCC_WARN_UNUSED_VARIABLE = YES;
				MACOSX_DEPLOYMENT_TARGET = 10.15;
				MTL_ENABLE_DEBUG_INFO = NO;
				MTL_FAST_MATH = YES;
				SDKROOT = macosx;
				SWIFT_COMPILATION_MODE = wholemodule;
				SWIFT_OPTIMIZATION_LEVEL = "-O";
			};
			name = Release;
		};
		D07A1EAC2540D01600F45B05 /* Debug */ = {
			isa = XCBuildConfiguration;
			buildSettings = {
				ASSETCATALOG_COMPILER_APPICON_NAME = AppIcon;
				ASSETCATALOG_COMPILER_GLOBAL_ACCENT_COLOR_NAME = AccentColor;
				CODE_SIGN_ENTITLEMENTS = "Key Bound/Key_Bound.entitlements";
				CODE_SIGN_STYLE = Automatic;
				COMBINE_HIDPI_IMAGES = YES;
				DEVELOPMENT_TEAM = C2NSPAKWYK;
				ENABLE_HARDENED_RUNTIME = YES;
				INFOPLIST_FILE = "Key Bound/Info.plist";
				LD_RUNPATH_SEARCH_PATHS = (
					"$(inherited)",
					"@executable_path/../Frameworks",
				);
				PRODUCT_BUNDLE_IDENTIFIER = "com.joakes.Key-Bound";
				PRODUCT_NAME = "$(TARGET_NAME)";
				SWIFT_VERSION = 5.0;
			};
			name = Debug;
		};
		D07A1EAD2540D01600F45B05 /* Release */ = {
			isa = XCBuildConfiguration;
			buildSettings = {
				ASSETCATALOG_COMPILER_APPICON_NAME = AppIcon;
				ASSETCATALOG_COMPILER_GLOBAL_ACCENT_COLOR_NAME = AccentColor;
				CODE_SIGN_ENTITLEMENTS = "Key Bound/Key_Bound.entitlements";
				CODE_SIGN_STYLE = Automatic;
				COMBINE_HIDPI_IMAGES = YES;
				DEVELOPMENT_TEAM = C2NSPAKWYK;
				ENABLE_HARDENED_RUNTIME = YES;
				INFOPLIST_FILE = "Key Bound/Info.plist";
				LD_RUNPATH_SEARCH_PATHS = (
					"$(inherited)",
					"@executable_path/../Frameworks",
				);
				PRODUCT_BUNDLE_IDENTIFIER = "com.joakes.Key-Bound";
				PRODUCT_NAME = "$(TARGET_NAME)";
				SWIFT_VERSION = 5.0;
			};
			name = Release;
		};
/* End XCBuildConfiguration section */

/* Begin XCConfigurationList section */
		D07A1E982540D01500F45B05 /* Build configuration list for PBXProject "Key Bound" */ = {
			isa = XCConfigurationList;
			buildConfigurations = (
				D07A1EA92540D01600F45B05 /* Debug */,
				D07A1EAA2540D01600F45B05 /* Release */,
			);
			defaultConfigurationIsVisible = 0;
			defaultConfigurationName = Release;
		};
		D07A1EAB2540D01600F45B05 /* Build configuration list for PBXNativeTarget "Key Bound" */ = {
			isa = XCConfigurationList;
			buildConfigurations = (
				D07A1EAC2540D01600F45B05 /* Debug */,
				D07A1EAD2540D01600F45B05 /* Release */,
			);
			defaultConfigurationIsVisible = 0;
			defaultConfigurationName = Release;
		};
/* End XCConfigurationList section */
	};
	rootObject = D07A1E952540D01500F45B05 /* Project object */;
}
